
Microsoft Visual Studio Solution File, Format Version 12.00
# Visual Studio Version 17
VisualStudioVersion = 17.10.35004.147
MinimumVisualStudioVersion = 10.0.40219.1
Project("{FAE04EC0-301F-11D3-BF4B-00C04F79EFBC}") = "ConsoleApp", "ConsoleApp\ConsoleApp.csproj", "{46894818-BA01-4016-8680-169D0948B44B}"
EndProject
Project("{2150E333-8FDC-42A3-9474-1A3956D46DE8}") = "Solution Items", "Solution Items", "{52029333-2CEB-4632-8110-EECCA000948F}"
EndProject
Global
	GlobalSection(SolutionConfigurationPlatforms) = preSolution
		Debug|Any CPU = Debug|Any CPU
		Release|Any CPU = Release|Any CPU
	EndGlobalSection
	GlobalSection(ProjectConfigurationPlatforms) = postSolution
		{46894818-BA01-4016-8680-169D0948B44B}.Debug|Any CPU.ActiveCfg = Debug|Any CPU
		{46894818-BA01-4016-8680-169D0948B44B}.Debug|Any CPU.Build.0 = Debug|Any CPU
		{46894818-BA01-4016-8680-169D0948B44B}.Release|Any CPU.ActiveCfg = Release|Any CPU
		{46894818-BA01-4016-8680-169D0948B44B}.Release|Any CPU.Build.0 = Release|Any CPU
	EndGlobalSection
	GlobalSection(SolutionProperties) = preSolution
		HideSolutionNode = FALSE
	EndGlobalSection
	GlobalSection(ExtensibilityGlobals) = postSolution
		SolutionGuid = {F5974B5F-966C-4F52-A2BF-3C1B6C32BE56}
	EndGlobalSection
EndGlobal
